Microsoft Visual Studio Solution File, Format Version 11.00
# Visual Studio 2008

Project("{388B394A-7EE0-D1D8-8C9E-09A9F42CC12A}") = "ProjectCreate", "Assembly-CSharp.csproj", "{593AD590-BAFF-CC11-4C8C-1A4139893293}"
EndProject
Project("{388B394A-7EE0-D1D8-8C9E-09A9F42CC12A}") = "ProjectCreate", "Assembly-CSharp-Editor.csproj", "{9A5015C6-8A41-EF5E-1D27-EB92CA0842BE}"
EndProject
Global
	GlobalSection(SolutionConfigurationPlatforms) = preSolution
		Debug|Any CPU = Debug|Any CPU
		Release|Any CPU = Release|Any CPU
	EndGlobalSection
	GlobalSection(ProjectConfigurationPlatforms) = postSolution
		{593AD590-BAFF-CC11-4C8C-1A4139893293}.Debug|Any CPU.ActiveCfg = Debug|Any CPU
		{593AD590-BAFF-CC11-4C8C-1A4139893293}.Debug|Any CPU.Build.0 = Debug|Any CPU
		{593AD590-BAFF-CC11-4C8C-1A4139893293}.Release|Any CPU.ActiveCfg = Release|Any CPU
		{593AD590-BAFF-CC11-4C8C-1A4139893293}.Release|Any CPU.Build.0 = Release|Any CPU
		{9A5015C6-8A41-EF5E-1D27-EB92CA0842BE}.Debug|Any CPU.ActiveCfg = Debug|Any CPU
		{9A5015C6-8A41-EF5E-1D27-EB92CA0842BE}.Debug|Any CPU.Build.0 = Debug|Any CPU
		{9A5015C6-8A41-EF5E-1D27-EB92CA0842BE}.Release|Any CPU.ActiveCfg = Release|Any CPU
		{9A5015C6-8A41-EF5E-1D27-EB92CA0842BE}.Release|Any CPU.Build.0 = Release|Any CPU
	EndGlobalSection
	GlobalSection(SolutionProperties) = preSolution
		HideSolutionNode = FALSE
	EndGlobalSection
	GlobalSection(MonoDevelopProperties) = preSolution
		StartupItem = Assembly-CSharp.csproj
	EndGlobalSection
EndGlobal
